
Microsoft Visual Studio Solution File, Format Version 12.00
# Visual Studio Version 17
VisualStudioVersion = 17.10.34607.79
MinimumVisualStudioVersion = 10.0.40219.1
Project("{FAE04EC0-301F-11D3-BF4B-00C04F79EFBC}") = "Watchlist.API", "Watchlist.API\Watchlist.API.csproj", "{3F51DB05-2F17-4EB1-B951-CEA6AC8B0C3D}"
EndProject
Project("{FAE04EC0-301F-11D3-BF4B-00C04F79EFBC}") = "Watchlist.Domain", "Watchlist.Domain\Watchlist.Domain.csproj", "{A2EA81AD-BF31-446B-8B38-C0979F81645F}"
EndProject
Project("{FAE04EC0-301F-11D3-BF4B-00C04F79EFBC}") = "Watchlist.Infrastructure", "Watchlist.Infrastructure\Watchlist.Infrastructure.csproj", "{1F243619-B414-4E0C-AEBF-35EF811A4C07}"
EndProject
Global
	GlobalSection(SolutionConfigurationPlatforms) = preSolution
		Debug|Any CPU = Debug|Any CPU
		Release|Any CPU = Release|Any CPU
	EndGlobalSection
	GlobalSection(ProjectConfigurationPlatforms) = postSolution
		{3F51DB05-2F17-4EB1-B951-CEA6AC8B0C3D}.Debug|Any CPU.ActiveCfg = Debug|Any CPU
		{3F51DB05-2F17-4EB1-B951-CEA6AC8B0C3D}.Debug|Any CPU.Build.0 = Debug|Any CPU
		{3F51DB05-2F17-4EB1-B951-CEA6AC8B0C3D}.Release|Any CPU.ActiveCfg = Release|Any CPU
		{3F51DB05-2F17-4EB1-B951-CEA6AC8B0C3D}.Release|Any CPU.Build.0 = Release|Any CPU
		{A2EA81AD-BF31-446B-8B38-C0979F81645F}.Debug|Any CPU.ActiveCfg = Debug|Any CPU
		{A2EA81AD-BF31-446B-8B38-C0979F81645F}.Debug|Any CPU.Build.0 = Debug|Any CPU
		{A2EA81AD-BF31-446B-8B38-C0979F81645F}.Release|Any CPU.ActiveCfg = Release|Any CPU
		{A2EA81AD-BF31-446B-8B38-C0979F81645F}.Release|Any CPU.Build.0 = Release|Any CPU
		{1F243619-B414-4E0C-AEBF-35EF811A4C07}.Debug|Any CPU.ActiveCfg = Debug|Any CPU
		{1F243619-B414-4E0C-AEBF-35EF811A4C07}.Debug|Any CPU.Build.0 = Debug|Any CPU
		{1F243619-B414-4E0C-AEBF-35EF811A4C07}.Release|Any CPU.ActiveCfg = Release|Any CPU
		{1F243619-B414-4E0C-AEBF-35EF811A4C07}.Release|Any CPU.Build.0 = Release|Any CPU
	EndGlobalSection
	GlobalSection(SolutionProperties) = preSolution
		HideSolutionNode = FALSE
	EndGlobalSection
	GlobalSection(ExtensibilityGlobals) = postSolution
		SolutionGuid = {FD02FF39-FC8F-41FC-80B7-C2C449D2833B}
	EndGlobalSection
EndGlobal
